
Microsoft Visual Studio Solution File, Format Version 12.00
# Visual Studio 15
VisualStudioVersion = 15.0.28307.421
MinimumVisualStudioVersion = 10.0.40219.1
Project("{9A19103F-16F7-4668-BE54-9A1E7A4F7556}") = "HealthOnline.DevTest.CurrencyProviderApi", "src\HealthOnline.DevTest.CurrencyProviderApi\HealthOnline.DevTest.CurrencyProviderApi.csproj", "{6D203F7A-0A3B-4FB4-A377-6612BDE6E267}"
EndProject
Project("{2150E333-8FDC-42A3-9474-1A3956D46DE8}") = "src", "src", "{08FE1948-0016-432A-9DA6-169A1F37CC65}"
EndProject
Project("{9A19103F-16F7-4668-BE54-9A1E7A4F7556}") = "HealthOnline.DevTest.AnotherCurrencyProviderApi", "src\HealthOnline.DevTest.AnotherCurrencyProviderApi\HealthOnline.DevTest.AnotherCurrencyProviderApi.csproj", "{70B8C365-5A76-475B-926D-19DAFD0AA967}"
EndProject
Project("{FAE04EC0-301F-11D3-BF4B-00C04F79EFBC}") = "WindowsFormsApp2", "WindowsFormsApp2\WindowsFormsApp2.csproj", "{232BD293-8280-4368-A36F-E870E61DA6CA}"
EndProject
Global
	GlobalSection(SolutionConfigurationPlatforms) = preSolution
		Debug|Any CPU = Debug|Any CPU
		Release|Any CPU = Release|Any CPU
	EndGlobalSection
	GlobalSection(ProjectConfigurationPlatforms) = postSolution
		{6D203F7A-0A3B-4FB4-A377-6612BDE6E267}.Debug|Any CPU.ActiveCfg = Debug|Any CPU
		{6D203F7A-0A3B-4FB4-A377-6612BDE6E267}.Debug|Any CPU.Build.0 = Debug|Any CPU
		{6D203F7A-0A3B-4FB4-A377-6612BDE6E267}.Release|Any CPU.ActiveCfg = Release|Any CPU
		{6D203F7A-0A3B-4FB4-A377-6612BDE6E267}.Release|Any CPU.Build.0 = Release|Any CPU
		{70B8C365-5A76-475B-926D-19DAFD0AA967}.Debug|Any CPU.ActiveCfg = Debug|Any CPU
		{70B8C365-5A76-475B-926D-19DAFD0AA967}.Debug|Any CPU.Build.0 = Debug|Any CPU
		{70B8C365-5A76-475B-926D-19DAFD0AA967}.Release|Any CPU.ActiveCfg = Release|Any CPU
		{70B8C365-5A76-475B-926D-19DAFD0AA967}.Release|Any CPU.Build.0 = Release|Any CPU
		{232BD293-8280-4368-A36F-E870E61DA6CA}.Debug|Any CPU.ActiveCfg = Debug|Any CPU
		{232BD293-8280-4368-A36F-E870E61DA6CA}.Debug|Any CPU.Build.0 = Debug|Any CPU
		{232BD293-8280-4368-A36F-E870E61DA6CA}.Release|Any CPU.ActiveCfg = Release|Any CPU
		{232BD293-8280-4368-A36F-E870E61DA6CA}.Release|Any CPU.Build.0 = Release|Any CPU
	EndGlobalSection
	GlobalSection(SolutionProperties) = preSolution
		HideSolutionNode = FALSE
	EndGlobalSection
	GlobalSection(NestedProjects) = preSolution
		{6D203F7A-0A3B-4FB4-A377-6612BDE6E267} = {08FE1948-0016-432A-9DA6-169A1F37CC65}
		{70B8C365-5A76-475B-926D-19DAFD0AA967} = {08FE1948-0016-432A-9DA6-169A1F37CC65}
		{232BD293-8280-4368-A36F-E870E61DA6CA} = {08FE1948-0016-432A-9DA6-169A1F37CC65}
	EndGlobalSection
	GlobalSection(ExtensibilityGlobals) = postSolution
		SolutionGuid = {329A656A-1E84-4323-A4DF-A4071D5B75DE}
	EndGlobalSection
EndGlobal
